{
	"name": "firefly-importer",
	"version": "1.0.0",
	"lockfileVersion": 3,
	"requires": true,
	"packages": {
		"": {
			"name": "firefly-importer",
			"version": "1.0.0",
			"dependencies": {
				"chokidar": "^4.0.3",
				"csv-parse": "^7.0.2",
				"dotenv": "^16.4.7",
				"extract-zip": "^2.0.1",
				"node-ofx-parser": "github:russkev/node-ofx"
			},
			"devDependencies": {
				"@biomejs/biome": "2.5.7"
			},
			"engines": {
				"node": ">=18"
			}
		},
		"node_modules/@biomejs/biome": {
			"version": "2.5.7",
			"resolved": "https://registry.npmjs.org/@biomejs/biome/-/biome-2.5.7.tgz",
			"integrity": "sha512-zr8K/DcY5tYsQOQwqMJ0AWElo6QgmgNI7idXgXLhevVszlt8RGVpesEJPqx3ThazLaOwjJ5Y8fz3BtH5fGZNsw==",
			"dev": true,
			"license": "MIT OR Apache-2.0",
			"bin": {
				"biome": "bin/biome"
			},
			"engines": {
				"node": ">=14.21.3"
			},
			"funding": {
				"type": "opencollective",
				"url": "https://opencollective.com/biome"
			},
			"optionalDependencies": {
				"@biomejs/cli-darwin-arm64": "2.5.7",
				"@biomejs/cli-darwin-x64": "2.5.7",
				"@biomejs/cli-linux-arm64": "2.5.7",
				"@biomejs/cli-linux-arm64-musl": "2.5.7",
				"@biomejs/cli-linux-x64": "2.5.7",
				"@biomejs/cli-linux-x64-musl": "2.5.7",
				"@biomejs/cli-win32-arm64": "2.5.7",
				"@biomejs/cli-win32-x64": "2.5.7"
			}
		},
		"node_modules/@biomejs/cli-darwin-arm64": {
			"version": "2.5.7",
			"resolved": "https://registry.npmjs.org/@biomejs/cli-darwin-arm64/-/cli-darwin-arm64-2.5.7.tgz",
			"integrity": "sha512-vxo/Ls3/PYdQWyLhYYcgMOCzQypAjcY+iihS8M0wW03l16TCLW4zqZzGo75gm1VdCMj38hTVZ31KBWrZ4G9dJw==",
			"cpu": [
				"arm64"
			],
			"dev": true,
			"license": "MIT OR Apache-2.0",
			"optional": true,
			"os": [
				"darwin"
			],
			"engines": {
				"node": ">=14.21.3"
			}
		},
		"node_modules/@biomejs/cli-darwin-x64": {
			"version": "2.5.7",
			"resolved": "https://registry.npmjs.org/@biomejs/cli-darwin-x64/-/cli-darwin-x64-2.5.7.tgz",
			"integrity": "sha512-Cd3Ga61amT/Yl/0x8elP5hhGYaFy4bw6WuysTgf7oo8TA5tJ5A1k+DkVoJ2BHbTVil51gTX9VPzArnrlLJ3Kyg==",
			"cpu": [
				"x64"
			],
			"dev": true,
			"license": "MIT OR Apache-2.0",
			"optional": true,
			"os": [
				"darwin"
			],
			"engines": {
				"node": ">=14.21.3"
			}
		},
		"node_modules/@biomejs/cli-linux-arm64": {
			"version": "2.5.7",
			"resolved": "https://registry.npmjs.org/@biomejs/cli-linux-arm64/-/cli-linux-arm64-2.5.7.tgz",
			"integrity": "sha512-rR2QE0yF2GYSuYuKIa7pKvODGJqnOH+2eDREAM8wV+mWKSkMQKdAp4zXEZfTaxY8PMoNONnpgSWcBCyLDPDOKg==",
			"cpu": [
				"arm64"
			],
			"dev": true,
			"license": "MIT OR Apache-2.0",
			"optional": true,
			"os": [
				"linux"
			],
			"engines": {
				"node": ">=14.21.3"
			}
		},
		"node_modules/@biomejs/cli-linux-arm64-musl": {
			"version": "2.5.7",
			"resolved": "https://registry.npmjs.org/@biomejs/cli-linux-arm64-musl/-/cli-linux-arm64-musl-2.5.7.tgz",
			"integrity": "sha512-xPI5yB6XlpDbNkS+bm1t42olw5c4l3UrlOmLg7KtLJvjvkNF/1V4tnUgfkylGIeb3u/T+BzMGYqgQhzjAoJzuQ==",
			"cpu": [
				"arm64"
			],
			"dev": true,
			"license": "MIT OR Apache-2.0",
			"optional": true,
			"os": [
				"linux"
			],
			"engines": {
				"node": ">=14.21.3"
			}
		},
		"node_modules/@biomejs/cli-linux-x64": {
			"version": "2.5.7",
			"resolved": "https://registry.npmjs.org/@biomejs/cli-linux-x64/-/cli-linux-x64-2.5.7.tgz",
			"integrity": "sha512-FQgqJhscrqJUFptGaRSUJWlXAExwWcDwLuK49dvKfkQ1bB5SEEyFssnsxQY83Xm6jR0EbbX3+8+D5bfvYqUG2Q==",
			"cpu": [
				"x64"
			],
			"dev": true,
			"license": "MIT OR Apache-2.0",
			"optional": true,
			"os": [
				"linux"
			],
			"engines": {
				"node": ">=14.21.3"
			}
		},
		"node_modules/@biomejs/cli-linux-x64-musl": {
			"version": "2.5.7",
			"resolved": "https://registry.npmjs.org/@biomejs/cli-linux-x64-musl/-/cli-linux-x64-musl-2.5.7.tgz",
			"integrity": "sha512-rE5VZi+qtmPgQH+l7jVxYoZ18b/TiHEhulhMpjmCZH1PltSbjRcxNWywC3HZ9tYottG7ORkeTtoscBilKSBm0g==",
			"cpu": [
				"x64"
			],
			"dev": true,
			"license": "MIT OR Apache-2.0",
			"optional": true,
			"os": [
				"linux"
			],
			"engines": {
				"node": ">=14.21.3"
			}
		},
		"node_modules/@biomejs/cli-win32-arm64": {
			"version": "2.5.7",
			"resolved": "https://registry.npmjs.org/@biomejs/cli-win32-arm64/-/cli-win32-arm64-2.5.7.tgz",
			"integrity": "sha512-Oq4x0CCwP4jirrcTywXs5kOGZ4v5vuEP+gWrbtjApOA2CL9F3F9GlIdQIci8AKSCa/zURanMRpX/4wQ7Am6hHg==",
			"cpu": [
				"arm64"
			],
			"dev": true,
			"license": "MIT OR Apache-2.0",
			"optional": true,
			"os": [
				"win32"
			],
			"engines": {
				"node": ">=14.21.3"
			}
		},
		"node_modules/@biomejs/cli-win32-x64": {
			"version": "2.5.7",
			"resolved": "https://registry.npmjs.org/@biomejs/cli-win32-x64/-/cli-win32-x64-2.5.7.tgz",
			"integrity": "sha512-V+0wu/nrj2S+MhP4EQ0uHNolP0IALEsz45pg0WoKkHfDeh0+ItHwP/p7bX5RPoMOl9NkpHYWdYPhIcy2mACHvQ==",
			"cpu": [
				"x64"
			],
			"dev": true,
			"license": "MIT OR Apache-2.0",
			"optional": true,
			"os": [
				"win32"
			],
			"engines": {
				"node": ">=14.21.3"
			}
		},
		"node_modules/@nodable/entities": {
			"version": "3.0.0",
			"resolved": "https://registry.npmjs.org/@nodable/entities/-/entities-3.0.0.tgz",
			"integrity": "sha512-8L9xFeTYKhm49xfIypoe2W5wV1m/3Z58kT+7kR9A8OyFxcPduI4VmxaUMQyKYrRjUoLLSXv6EKKID5Tvj9cUVw==",
			"funding": [
				{
					"type": "github",
					"url": "https://github.com/sponsors/nodable"
				}
			],
			"license": "MIT"
		},
		"node_modules/@types/node": {
			"version": "26.2.0",
			"resolved": "https://registry.npmjs.org/@types/node/-/node-26.2.0.tgz",
			"integrity": "sha512-5IviulTZeRNp2vAJ514cc/HUlY5nZ9fCbq9DMyC52BrhFZACo3nI0R7qBxhQmo/d27NFe96ur/b7Wwxklda+kg==",
			"license": "MIT",
			"optional": true,
			"dependencies": {
				"undici-types": "~8.3.0"
			}
		},
		"node_modules/@types/yauzl": {
			"version": "2.10.3",
			"resolved": "https://registry.npmjs.org/@types/yauzl/-/yauzl-2.10.3.tgz",
			"integrity": "sha512-oJoftv0LSuaDZE3Le4DbKX+KS9G36NzOeSap90UIK0yMA/NhKJhqlSGtNDORNRaIbQfzjXDrQa0ytJ6mNRGz/Q==",
			"license": "MIT",
			"optional": true,
			"dependencies": {
				"@types/node": "*"
			}
		},
		"node_modules/anynum": {
			"version": "1.0.1",
			"resolved": "https://registry.npmjs.org/anynum/-/anynum-1.0.1.tgz",
			"integrity": "sha512-N6//FLET/tXYNM/F6ABca1oH6fWB+KlTt909Le28WMDBk8oaT4vY17DCrwg2MvmuqUKt3Ni4N5dGJ/EoBgcO6A==",
			"funding": [
				{
					"type": "github",
					"url": "https://github.com/sponsors/NaturalIntelligence"
				}
			],
			"license": "MIT"
		},
		"node_modules/buffer-crc32": {
			"version": "0.2.13",
			"resolved": "https://registry.npmjs.org/buffer-crc32/-/buffer-crc32-0.2.13.tgz",
			"integrity": "sha512-VO9Ht/+p3SN7SKWqcrgEzjGbRSJYTx+Q1pTQC0wrWqHx0vpJraQ6GtHx8tvcg1rlK1byhU5gccxgOgj7B0TDkQ==",
			"license": "MIT",
			"engines": {
				"node": "*"
			}
		},
		"node_modules/chokidar": {
			"version": "4.0.3",
			"resolved": "https://registry.npmjs.org/chokidar/-/chokidar-4.0.3.tgz",
			"integrity": "sha512-Qgzu8kfBvo+cA4962jnP1KkS6Dop5NS6g7R5LFYJr4b8Ub94PPQXUksCw9PvXoeXPRRddRNC5C1JQUR2SMGtnA==",
			"license": "MIT",
			"dependencies": {
				"readdirp": "^4.0.1"
			},
			"engines": {
				"node": ">= 14.16.0"
			},
			"funding": {
				"url": "https://paulmillr.com/funding/"
			}
		},
		"node_modules/csv-parse": {
			"version": "7.0.2",
			"resolved": "https://registry.npmjs.org/csv-parse/-/csv-parse-7.0.2.tgz",
			"integrity": "sha512-uKZghv9UmPkMVLYy//KZ9HFAIJsl7wkhoEdIL0+rhuSY9pZQlhaeGEDPIe+/w7eh81MOql8Q/9+inAGWG6ZHYA==",
			"license": "MIT"
		},
		"node_modules/debug": {
			"version": "4.4.3",
			"resolved": "https://registry.npmjs.org/debug/-/debug-4.4.3.tgz",
			"integrity": "sha512-RGwwWnwQvkVfavKVt22FGLw+xYSdzARwm0ru6DhTVA3umU5hZc28V3kO4stgYryrTlLpuvgI9GiijltAjNbcqA==",
			"license": "MIT",
			"dependencies": {
				"ms": "^2.1.3"
			},
			"engines": {
				"node": ">=6.0"
			},
			"peerDependenciesMeta": {
				"supports-color": {
					"optional": true
				}
			}
		},
		"node_modules/dotenv": {
			"version": "16.6.1",
			"resolved": "https://registry.npmjs.org/dotenv/-/dotenv-16.6.1.tgz",
			"integrity": "sha512-uBq4egWHTcTt33a72vpSG0z3HnPuIl6NqYcTrKEg2azoEyl2hpW0zqlxysq2pK9HlDIHyHyakeYaYnSAwd8bow==",
			"license": "BSD-2-Clause",
			"engines": {
				"node": ">=12"
			},
			"funding": {
				"url": "https://dotenvx.com"
			}
		},
		"node_modules/end-of-stream": {
			"version": "1.4.5",
			"resolved": "https://registry.npmjs.org/end-of-stream/-/end-of-stream-1.4.5.tgz",
			"integrity": "sha512-ooEGc6HP26xXq/N+GCGOT0JKCLDGrq2bQUZrQ7gyrJiZANJ/8YDTxTpQBXGMn+WbIQXNVpyWymm7KYVICQnyOg==",
			"license": "MIT",
			"dependencies": {
				"once": "^1.4.0"
			}
		},
		"node_modules/extract-zip": {
			"version": "2.0.1",
			"resolved": "https://registry.npmjs.org/extract-zip/-/extract-zip-2.0.1.tgz",
			"integrity": "sha512-GDhU9ntwuKyGXdZBUgTIe+vXnWj0fppUEtMDL0+idd5Sta8TGpHssn/eusA9mrPr9qNDym6SxAYZjNvCn/9RBg==",
			"license": "BSD-2-Clause",
			"dependencies": {
				"debug": "^4.1.1",
				"get-stream": "^5.1.0",
				"yauzl": "^2.10.0"
			},
			"bin": {
				"extract-zip": "cli.js"
			},
			"engines": {
				"node": ">= 10.17.0"
			},
			"optionalDependencies": {
				"@types/yauzl": "^2.9.1"
			}
		},
		"node_modules/fast-xml-builder": {
			"version": "1.3.0",
			"resolved": "https://registry.npmjs.org/fast-xml-builder/-/fast-xml-builder-1.3.0.tgz",
			"integrity": "sha512-F74cZEdCvuw9P41GAC3rod4X04jjWGM1JPEv/GWSqFTWLsdyMSBMBMlm9Hk3GLBgLBbdBNY8yee0pQh2RBVESQ==",
			"funding": [
				{
					"type": "github",
					"url": "https://github.com/sponsors/NaturalIntelligence"
				}
			],
			"license": "MIT",
			"dependencies": {
				"path-expression-matcher": "^1.6.2",
				"xml-naming": "^0.3.0"
			}
		},
		"node_modules/fast-xml-parser": {
			"version": "5.10.1",
			"resolved": "https://registry.npmjs.org/fast-xml-parser/-/fast-xml-parser-5.10.1.tgz",
			"integrity": "sha512-IEMIf7298kXuZSRFoGfMYrl7is8LpavODgbNz1cwIudv7KwVFnuU+UsMporfq6PD6aXSlawZlARiA3UywCTfMw==",
			"funding": [
				{
					"type": "github",
					"url": "https://github.com/sponsors/NaturalIntelligence"
				}
			],
			"license": "MIT",
			"dependencies": {
				"@nodable/entities": "^3.0.0",
				"fast-xml-builder": "^1.2.0",
				"is-unsafe": "^2.0.0",
				"path-expression-matcher": "^1.6.2",
				"strnum": "^2.4.1",
				"xml-naming": "^0.3.0"
			},
			"bin": {
				"fxparser": "src/cli/cli.js"
			}
		},
		"node_modules/fd-slicer": {
			"version": "1.1.0",
			"resolved": "https://registry.npmjs.org/fd-slicer/-/fd-slicer-1.1.0.tgz",
			"integrity": "sha512-cE1qsB/VwyQozZ+q1dGxR8LBYNZeofhEdUNGSMbQD3Gw2lAzX9Zb3uIU6Ebc/Fmyjo9AWWfnn0AUCHqtevs/8g==",
			"license": "MIT",
			"dependencies": {
				"pend": "~1.2.0"
			}
		},
		"node_modules/get-stream": {
			"version": "5.2.0",
			"resolved": "https://registry.npmjs.org/get-stream/-/get-stream-5.2.0.tgz",
			"integrity": "sha512-nBF+F1rAZVCu/p7rjzgA+Yb4lfYXrpl7a6VmJrU8wF9I1CKvP/QwPNZHnOlwbTkY6dvtFIzFMSyQXbLoTQPRpA==",
			"license": "MIT",
			"dependencies": {
				"pump": "^3.0.0"
			},
			"engines": {
				"node": ">=8"
			},
			"funding": {
				"url": "https://github.com/sponsors/sindresorhus"
			}
		},
		"node_modules/is-unsafe": {
			"version": "2.0.0",
			"resolved": "https://registry.npmjs.org/is-unsafe/-/is-unsafe-2.0.0.tgz",
			"integrity": "sha512-2LdV822R+wmI86unXA93WCFpL6g+av8ynWk0nrHyJqGop5VoocYsSLFgN8jrfalT6iGeLNM4KXuVSsULP53kEA==",
			"funding": [
				{
					"type": "github",
					"url": "https://github.com/sponsors/NaturalIntelligence"
				}
			],
			"license": "MIT"
		},
		"node_modules/ms": {
			"version": "2.1.3",
			"resolved": "https://registry.npmjs.org/ms/-/ms-2.1.3.tgz",
			"integrity": "sha512-6FlzubTLZG3J2a/NVCAleEhjzq5oxgHyaCU9yYXvcLsvoVaHJq/s5xXI6/XXP6tz7R9xAOtHnSO/tXtF3WRTlA==",
			"license": "MIT"
		},
		"node_modules/node-ofx-parser": {
			"version": "0.5.0",
			"resolved": "git+ssh://git@github.com/russkev/node-ofx.git#3c4c7112ea00897d8bce9acee7b303bf10302270",
			"license": "MIT",
			"dependencies": {
				"fast-xml-parser": "^4.3.2"
			},
			"engines": {
				"node": ">= 0.6.0"
			}
		},
		"node_modules/once": {
			"version": "1.4.0",
			"resolved": "https://registry.npmjs.org/once/-/once-1.4.0.tgz",
			"integrity": "sha512-lNaJgI+2Q5URQBkccEKHTQOPaXdUxnZZElQTZY0MFUAuaEqe1E+Nyvgdz/aIyNi6Z9MzO5dv1H8n58/GELp3+w==",
			"license": "ISC",
			"dependencies": {
				"wrappy": "1"
			}
		},
		"node_modules/path-expression-matcher": {
			"version": "1.6.2",
			"resolved": "https://registry.npmjs.org/path-expression-matcher/-/path-expression-matcher-1.6.2.tgz",
			"integrity": "sha512-enSlaiat05iasnzmgNxRj8reFdj3puY2QpNgP1aPIaVfT6nn9ICuPoFlKHk8EN22HcwewshO+mN2DGbkCEOtqQ==",
			"funding": [
				{
					"type": "github",
					"url": "https://github.com/sponsors/NaturalIntelligence"
				}
			],
			"license": "MIT",
			"engines": {
				"node": ">=14.0.0"
			}
		},
		"node_modules/pend": {
			"version": "1.2.0",
			"resolved": "https://registry.npmjs.org/pend/-/pend-1.2.0.tgz",
			"integrity": "sha512-F3asv42UuXchdzt+xXqfW1OGlVBe+mxa2mqI0pg5yAHZPvFmY3Y6drSf/GQ1A86WgWEN9Kzh/WrgKa6iGcHXLg==",
			"license": "MIT"
		},
		"node_modules/pump": {
			"version": "3.0.4",
			"resolved": "https://registry.npmjs.org/pump/-/pump-3.0.4.tgz",
			"integrity": "sha512-VS7sjc6KR7e1ukRFhQSY5LM2uBWAUPiOPa/A3mkKmiMwSmRFUITt0xuj+/lesgnCv+dPIEYlkzrcyXgquIHMcA==",
			"license": "MIT",
			"dependencies": {
				"end-of-stream": "^1.1.0",
				"once": "^1.3.1"
			}
		},
		"node_modules/readdirp": {
			"version": "4.1.2",
			"resolved": "https://registry.npmjs.org/readdirp/-/readdirp-4.1.2.tgz",
			"integrity": "sha512-GDhwkLfywWL2s6vEjyhri+eXmfH6j1L7JE27WhqLeYzoh/A3DBaYGEj2H/HFZCn/kMfim73FXxEJTw06WtxQwg==",
			"license": "MIT",
			"engines": {
				"node": ">= 14.18.0"
			},
			"funding": {
				"type": "individual",
				"url": "https://paulmillr.com/funding/"
			}
		},
		"node_modules/strnum": {
			"version": "2.4.1",
			"resolved": "https://registry.npmjs.org/strnum/-/strnum-2.4.1.tgz",
			"integrity": "sha512-M9eUSMT2dCB2cTNPG7UYj6KuK7RJR2SN2+yCV/fTW3xzTCS6EaGZ5pSMgDIjB7r8zSfTGk+dvvn9rTjpVS9Mwg==",
			"funding": [
				{
					"type": "github",
					"url": "https://github.com/sponsors/NaturalIntelligence"
				}
			],
			"license": "MIT",
			"dependencies": {
				"anynum": "^1.0.1"
			}
		},
		"node_modules/undici-types": {
			"version": "8.3.0",
			"resolved": "https://registry.npmjs.org/undici-types/-/undici-types-8.3.0.tgz",
			"integrity": "sha512-j375ScV60dom+YkPFIfTLcOiPxkN/buHz5GobjLhixFuANaNs3C9l4GmrWqejgXWJ7BbJcFYpTEUkS1Ge8bpZQ==",
			"license": "MIT",
			"optional": true
		},
		"node_modules/wrappy": {
			"version": "1.0.2",
			"resolved": "https://registry.npmjs.org/wrappy/-/wrappy-1.0.2.tgz",
			"integrity": "sha512-l4Sp/DRseor9wL6EvV2+TuQn63dMkPjZ/sp9XkghTEbV9KlPS1xUsZ3u7/IQO4wxtcFB4bgpQPRcR3QCvezPcQ==",
			"license": "ISC"
		},
		"node_modules/xml-naming": {
			"version": "0.3.0",
			"resolved": "https://registry.npmjs.org/xml-naming/-/xml-naming-0.3.0.tgz",
			"integrity": "sha512-ghig2TBE/H11aOVgmahA3MhimvkBr6JIYknH/Dhdk10nXwdbIqBJsbfMxpvFPG8bAw77gN29aQWvKpmVoPlvPQ==",
			"funding": [
				{
					"type": "github",
					"url": "https://github.com/sponsors/NaturalIntelligence"
				}
			],
			"license": "MIT",
			"engines": {
				"node": ">=16.0.0"
			}
		},
		"node_modules/yauzl": {
			"version": "2.10.0",
			"resolved": "https://registry.npmjs.org/yauzl/-/yauzl-2.10.0.tgz",
			"integrity": "sha512-p4a9I6X6nu6IhoGmBqAcbJy1mlC4j27vEPZX9F4L4/vZT3Lyq1VkFHw/V/PUcB9Buo+DG3iHkT0x3Qya58zc3g==",
			"license": "MIT",
			"dependencies": {
				"buffer-crc32": "~0.2.3",
				"fd-slicer": "~1.1.0"
			}
		}
	}
}
